
Microsoft Visual Studio Solution File, Format Version 12.00
# Visual Studio 15
Project("{FAE04EC0-301F-11D3-BF4B-00C04F79EFBC}") = "Assembly-CSharp", "Assembly-CSharp.csproj", "{4752CAA3-BDDE-8656-D453-8C347B96D97E}"
EndProject
Project("{FAE04EC0-301F-11D3-BF4B-00C04F79EFBC}") = "Assembly-CSharp-Editor", "Assembly-CSharp-Editor.csproj", "{B400698B-8F1B-F7B9-4FA3-9F7D20F86F47}"
EndProject
Global
	GlobalSection(SolutionConfigurationPlatforms) = preSolution
		Debug|Any CPU = Debug|Any CPU
		Release|Any CPU = Release|Any CPU
	EndGlobalSection
	GlobalSection(ProjectConfigurationPlatforms) = postSolution
		{4752CAA3-BDDE-8656-D453-8C347B96D97E}.Debug|Any CPU.ActiveCfg = Debug|Any CPU
		{4752CAA3-BDDE-8656-D453-8C347B96D97E}.Debug|Any CPU.Build.0 = Debug|Any CPU
		{4752CAA3-BDDE-8656-D453-8C347B96D97E}.Release|Any CPU.ActiveCfg = Release|Any CPU
		{4752CAA3-BDDE-8656-D453-8C347B96D97E}.Release|Any CPU.Build.0 = Release|Any CPU
		{B400698B-8F1B-F7B9-4FA3-9F7D20F86F47}.Debug|Any CPU.ActiveCfg = Debug|Any CPU
		{B400698B-8F1B-F7B9-4FA3-9F7D20F86F47}.Debug|Any CPU.Build.0 = Debug|Any CPU
		{B400698B-8F1B-F7B9-4FA3-9F7D20F86F47}.Release|Any CPU.ActiveCfg = Release|Any CPU
		{B400698B-8F1B-F7B9-4FA3-9F7D20F86F47}.Release|Any CPU.Build.0 = Release|Any CPU
	EndGlobalSection
	GlobalSection(SolutionProperties) = preSolution
		HideSolutionNode = FALSE
	EndGlobalSection
EndGlobal
